// !$*UTF8*$!
{
	archiveVersion = 1;
	classes = {
	};
	objectVersion = 50;
	objects = {

/* Begin PBXBuildFile section */
		042D572E251EF48F00C09188 /* AppDelegate.swift in Sources */ = {isa = PBXBuildFile; fileRef = 042D572D251EF48F00C09188 /* AppDelegate.swift */; };
		042D5730251EF48F00C09188 /* SceneDelegate.swift in Sources */ = {isa = PBXBuildFile; fileRef = 042D572F251EF48F00C09188 /* SceneDelegate.swift */; };
		042D5732251EF48F00C09188 /* ViewController.swift in Sources */ = {isa = PBXBuildFile; fileRef = 042D5731251EF48F00C09188 /* ViewController.swift */; };
		042D5735251EF48F00C09188 /* Main.storyboard in Resources */ = {isa = PBXBuildFile; fileRef = 042D5733251EF48F00C09188 /* Main.storyboard */; };
		042D5737251EF49000C09188 /* Assets.xcassets in Resources */ = {isa = PBXBuildFile; fileRef = 042D5736251EF49000C09188 /* Assets.xcassets */; };
		042D573A251EF49000C09188 /* LaunchScreen.storyboard in Resources */ = {isa = PBXBuildFile; fileRef = 042D5738251EF49000C09188 /* LaunchScreen.storyboard */; };
		042D5745251EF49100C09188 /* Image_GalleryTests.swift in Sources */ = {isa = PBXBuildFile; fileRef = 042D5744251EF49100C09188 /* Image_GalleryTests.swift */; };
		042D5750251EF49100C09188 /* Image_GalleryUITests.swift in Sources */ = {isa = PBXBuildFile; fileRef = 042D574F251EF49100C09188 /* Image_GalleryUITests.swift */; };
		045047E02520CC3900157264 /* ViewController2.swift in Sources */ = {isa = PBXBuildFile; fileRef = 045047DF2520CC3900157264 /* ViewController2.swift */; };
/* End PBXBuildFile section */

/* Begin PBXContainerItemProxy section */
		042D5741251EF49100C09188 /* PBXContainerItemProxy */ = {
			isa = PBXContainerItemProxy;
			containerPortal = 042D5722251EF48F00C09188 /* Project object */;
			proxyType = 1;
			remoteGlobalIDString = 042D5729251EF48F00C09188;
			remoteInfo = "Image Gallery";
		};
		042D574C251EF49100C09188 /* PBXContainerItemProxy */ = {
			isa = PBXContainerItemProxy;
			containerPortal = 042D5722251EF48F00C09188 /* Project object */;
			proxyType = 1;
			remoteGlobalIDString = 042D5729251EF48F00C09188;
			remoteInfo = "Image Gallery";
		};
/* End PBXContainerItemProxy section */

/* Begin PBXFileReference section */
		042D572A251EF48F00C09188 /* Image Gallery.app */ = {isa = PBXFileReference; explicitFileType = wrapper.application; includeInIndex = 0; path = "Image Gallery.app"; sourceTree = BUILT_PRODUCTS_DIR; };
		042D572D251EF48F00C09188 /* AppDelegate.swift */ = {isa = PBXFileReference; lastKnownFileType = sourcecode.swift; path = AppDelegate.swift; sourceTree = "<group>"; };
		042D572F251EF48F00C09188 /* SceneDelegate.swift */ = {isa = PBXFileReference; lastKnownFileType = sourcecode.swift; path = SceneDelegate.swift; sourceTree = "<group>"; };
		042D5731251EF48F00C09188 /* ViewController.swift */ = {isa = PBXFileReference; lastKnownFileType = sourcecode.swift; path = ViewController.swift; sourceTree = "<group>"; };
		042D5734251EF48F00C09188 /* Base */ = {isa = PBXFileReference; lastKnownFileType = file.storyboard; name = Base; path = Base.lproj/Main.storyboard; sourceTree = "<group>"; };
		042D5736251EF49000C09188 /* Assets.xcassets */ = {isa = PBXFileReference; lastKnownFileType = folder.assetcatalog; path = Assets.xcassets; sourceTree = "<group>"; };
		042D5739251EF49000C09188 /* Base */ = {isa = PBXFileReference; lastKnownFileType = file.storyboard; name = Base; path = Base.lproj/LaunchScreen.storyboard; sourceTree = "<group>"; };
		042D573B251EF49000C09188 /* Info.plist */ = {isa = PBXFileReference; lastKnownFileType = text.plist.xml; path = Info.plist; sourceTree = "<group>"; };
		042D5740251EF49100C09188 /* Image GalleryTests.xctest */ = {isa = PBXFileReference; explicitFileType = wrapper.cfbundle; includeInIndex = 0; path = "Image GalleryTests.xctest"; sourceTree = BUILT_PRODUCTS_DIR; };
		042D5744251EF49100C09188 /* Image_GalleryTests.swift */ = {isa = PBXFileReference; lastKnownFileType = sourcecode.swift; path = Image_GalleryTests.swift; sourceTree = "<group>"; };
		042D5746251EF49100C09188 /* Info.plist */ = {isa = PBXFileReference; lastKnownFileType = text.plist.xml; path = Info.plist; sourceTree = "<group>"; };
		042D574B251EF49100C09188 /* Image GalleryUITests.xctest */ = {isa = PBXFileReference; explicitFileType = wrapper.cfbundle; includeInIndex = 0; path = "Image GalleryUITests.xctest"; sourceTree = BUILT_PRODUCTS_DIR; };
		042D574F251EF49100C09188 /* Image_GalleryUITests.swift */ = {isa = PBXFileReference; lastKnownFileType = sourcecode.swift; path = Image_GalleryUITests.swift; sourceTree = "<group>"; };
		042D5751251EF49100C09188 /* Info.plist */ = {isa = PBXFileReference; lastKnownFileType = text.plist.xml; path = Info.plist; sourceTree = "<group>"; };
		045047DF2520CC3900157264 /* ViewController2.swift */ = {isa = PBXFileReference; lastKnownFileType = sourcecode.swift; path = ViewController2.swift; sourceTree = "<group>"; };
/* End PBXFileReference section */

/* Begin PBXFrameworksBuildPhase section */
		042D5727251EF48F00C09188 /* Frameworks */ = {
			isa = PBXFrameworksBuildPhase;
			buildActionMask = 2147483647;
			files = (
			);
			runOnlyForDeploymentPostprocessing = 0;
		};
		042D573D251EF49100C09188 /* Frameworks */ = {
			isa = PBXFrameworksBuildPhase;
			buildActionMask = 2147483647;
			files = (
			);
			runOnlyForDeploymentPostprocessing = 0;
		};
		042D5748251EF49100C09188 /* Frameworks */ = {
			isa = PBXFrameworksBuildPhase;
			buildActionMask = 2147483647;
			files = (
			);
			runOnlyForDeploymentPostprocessing = 0;
		};
/* End PBXFrameworksBuildPhase section */

/* Begin PBXGroup section */
		042D5721251EF48F00C09188 = {
			isa = PBXGroup;
			children = (
				042D572C251EF48F00C09188 /* Image Gallery */,
				042D5743251EF49100C09188 /* Image GalleryTests */,
				042D574E251EF49100C09188 /* Image GalleryUITests */,
				042D572B251EF48F00C09188 /* Products */,
			);
			sourceTree = "<group>";
		};
		042D572B251EF48F00C09188 /* Products */ = {
			isa = PBXGroup;
			children = (
				042D572A251EF48F00C09188 /* Image Gallery.app */,
				042D5740251EF49100C09188 /* Image GalleryTests.xctest */,
				042D574B251EF49100C09188 /* Image GalleryUITests.xctest */,
			);
			name = Products;
			sourceTree = "<group>";
		};
		042D572C251EF48F00C09188 /* Image Gallery */ = {
			isa = PBXGroup;
			children = (
				042D572D251EF48F00C09188 /* AppDelegate.swift */,
				042D572F251EF48F00C09188 /* SceneDelegate.swift */,
				042D5731251EF48F00C09188 /* ViewController.swift */,
				042D5733251EF48F00C09188 /* Main.storyboard */,
				042D5736251EF49000C09188 /* Assets.xcassets */,
				042D5738251EF49000C09188 /* LaunchScreen.storyboard */,
				042D573B251EF49000C09188 /* Info.plist */,
				045047DF2520CC3900157264 /* ViewController2.swift */,
			);
			path = "Image Gallery";
			sourceTree = "<group>";
		};
		042D5743251EF49100C09188 /* Image GalleryTests */ = {
			isa = PBXGroup;
			children = (
				042D5744251EF49100C09188 /* Image_GalleryTests.swift */,
				042D5746251EF49100C09188 /* Info.plist */,
			);
			path = "Image GalleryTests";
			sourceTree = "<group>";
		};
		042D574E251EF49100C09188 /* Image GalleryUITests */ = {
			isa = PBXGroup;
			children = (
				042D574F251EF49100C09188 /* Image_GalleryUITests.swift */,
				042D5751251EF49100C09188 /* Info.plist */,
			);
			path = "Image GalleryUITests";
			sourceTree = "<group>";
		};
/* End PBXGroup section */

/* Begin PBXNativeTarget section */
		042D5729251EF48F00C09188 /* Image Gallery */ = {
			isa = PBXNativeTarget;
			buildConfigurationList = 042D5754251EF49100C09188 /* Build configuration list for PBXNativeTarget "Image Gallery" */;
			buildPhases = (
				042D5726251EF48F00C09188 /* Sources */,
				042D5727251EF48F00C09188 /* Frameworks */,
				042D5728251EF48F00C09188 /* Resources */,
			);
			buildRules = (
			);
			dependencies = (
			);
			name = "Image Gallery";
			productName = "Image Gallery";
			productReference = 042D572A251EF48F00C09188 /* Image Gallery.app */;
			productType = "com.apple.product-type.application";
		};
		042D573F251EF49100C09188 /* Image GalleryTests */ = {
			isa = PBXNativeTarget;
			buildConfigurationList = 042D5757251EF49100C09188 /* Build configuration list for PBXNativeTarget "Image GalleryTests" */;
			buildPhases = (
				042D573C251EF49100C09188 /* Sources */,
				042D573D251EF49100C09188 /* Frameworks */,
				042D573E251EF49100C09188 /* Resources */,
			);
			buildRules = (
			);
			dependencies = (
				042D5742251EF49100C09188 /* PBXTargetDependency */,
			);
			name = "Image GalleryTests";
			productName = "Image GalleryTests";
			productReference = 042D5740251EF49100C09188 /* Image GalleryTests.xctest */;
			productType = "com.apple.product-type.bundle.unit-test";
		};
		042D574A251EF49100C09188 /* Image GalleryUITests */ = {
			isa = PBXNativeTarget;
			buildConfigurationList = 042D575A251EF49100C09188 /* Build configuration list for PBXNativeTarget "Image GalleryUITests" */;
			buildPhases = (
				042D5747251EF49100C09188 /* Sources */,
				042D5748251EF49100C09188 /* Frameworks */,
				042D5749251EF49100C09188 /* Resources */,
			);
			buildRules = (
			);
			dependencies = (
				042D574D251EF49100C09188 /* PBXTargetDependency */,
			);
			name = "Image GalleryUITests";
			productName = "Image GalleryUITests";
			productReference = 042D574B251EF49100C09188 /* Image GalleryUITests.xctest */;
			productType = "com.apple.product-type.bundle.ui-testing";
		};
/* End PBXNativeTarget section */

/* Begin PBXProject section */
		042D5722251EF48F00C09188 /* Project object */ = {
			isa = PBXProject;
			attributes = {
				LastSwiftUpdateCheck = 1130;
				LastUpgradeCheck = 1130;
				ORGANIZATIONNAME = WD;
				TargetAttributes = {
					042D5729251EF48F00C09188 = {
						CreatedOnToolsVersion = 11.3;
					};
					042D573F251EF49100C09188 = {
						CreatedOnToolsVersion = 11.3;
						TestTargetID = 042D5729251EF48F00C09188;
					};
					042D574A251EF49100C09188 = {
						CreatedOnToolsVersion = 11.3;
						TestTargetID = 042D5729251EF48F00C09188;
					};
				};
			};
			buildConfigurationList = 042D5725251EF48F00C09188 /* Build configuration list for PBXProject "Image Gallery" */;
			compatibilityVersion = "Xcode 9.3";
			developmentRegion = en;
			hasScannedForEncodings = 0;
			knownRegions = (
				en,
				Base,
			);
			mainGroup = 042D5721251EF48F00C09188;
			productRefGroup = 042D572B251EF48F00C09188 /* Products */;
			projectDirPath = "";
			projectRoot = "";
			targets = (
				042D5729251EF48F00C09188 /* Image Gallery */,
				042D573F251EF49100C09188 /* Image GalleryTests */,
				042D574A251EF49100C09188 /* Image GalleryUITests */,
			);
		};
/* End PBXProject section */

/* Begin PBXResourcesBuildPhase section */
		042D5728251EF48F00C09188 /* Resources */ = {
			isa = PBXResourcesBuildPhase;
			buildActionMask = 2147483647;
			files = (
				042D573A251EF49000C09188 /* LaunchScreen.storyboard in Resources */,
				042D5737251EF49000C09188 /* Assets.xcassets in Resources */,
				042D5735251EF48F00C09188 /* Main.storyboard in Resources */,
			);
			runOnlyForDeploymentPostprocessing = 0;
		};
		042D573E251EF49100C09188 /* Resources */ = {
			isa = PBXResourcesBuildPhase;
			buildActionMask = 2147483647;
			files = (
			);
			runOnlyForDeploymentPostprocessing = 0;
		};
		042D5749251EF49100C09188 /* Resources */ = {
			isa = PBXResourcesBuildPhase;
			buildActionMask = 2147483647;
			files = (
			);
			runOnlyForDeploymentPostprocessing = 0;
		};
/* End PBXResourcesBuildPhase section */

/* Begin PBXSourcesBuildPhase section */
		042D5726251EF48F00C09188 /* Sources */ = {
			isa = PBXSourcesBuildPhase;
			buildActionMask = 2147483647;
			files = (
				042D5732251EF48F00C09188 /* ViewController.swift in Sources */,
				045047E02520CC3900157264 /* ViewController2.swift in Sources */,
				042D572E251EF48F00C09188 /* AppDelegate.swift in Sources */,
				042D5730251EF48F00C09188 /* SceneDelegate.swift in Sources */,
			);
			runOnlyForDeploymentPostprocessing = 0;
		};
		042D573C251EF49100C09188 /* Sources */ = {
			isa = PBXSourcesBuildPhase;
			buildActionMask = 2147483647;
			files = (
				042D5745251EF49100C09188 /* Image_GalleryTests.swift in Sources */,
			);
			runOnlyForDeploymentPostprocessing = 0;
		};
		042D5747251EF49100C09188 /* Sources */ = {
			isa = PBXSourcesBuildPhase;
			buildActionMask = 2147483647;
			files = (
				042D5750251EF49100C09188 /* Image_GalleryUITests.swift in Sources */,
			);
			runOnlyForDeploymentPostprocessing = 0;
		};
/* End PBXSourcesBuildPhase section */

/* Begin PBXTargetDependency section */
		042D5742251EF49100C09188 /* PBXTargetDependency */ = {
			isa = PBXTargetDependency;
			target = 042D5729251EF48F00C09188 /* Image Gallery */;
			targetProxy = 042D5741251EF49100C09188 /* PBXContainerItemProxy */;
		};
		042D574D251EF49100C09188 /* PBXTargetDependency */ = {
			isa = PBXTargetDependency;
			target = 042D5729251EF48F00C09188 /* Image Gallery */;
			targetProxy = 042D574C251EF49100C09188 /* PBXContainerItemProxy */;
		};
/* End PBXTargetDependency section */

/* Begin PBXVariantGroup section */
		042D5733251EF48F00C09188 /* Main.storyboard */ = {
			isa = PBXVariantGroup;
			children = (
				042D5734251EF48F00C09188 /* Base */,
			);
			name = Main.storyboard;
			sourceTree = "<group>";
		};
		042D5738251EF49000C09188 /* LaunchScreen.storyboard */ = {
			isa = PBXVariantGroup;
			children = (
				042D5739251EF49000C09188 /* Base */,
			);
			name = LaunchScreen.storyboard;
			sourceTree = "<group>";
		};
/* End PBXVariantGroup section */

/* Begin XCBuildConfiguration section */
		042D5752251EF49100C09188 /* Debug */ = {
			isa = XCBuildConfiguration;
			buildSettings = {
				ALWAYS_SEARCH_USER_PATHS = NO;
				CLANG_ANALYZER_NONNULL = YES;
				CLANG_ANALYZER_NUMBER_OBJECT_CONVERSION = YES_AGGRESSIVE;
				CLANG_CXX_LANGUAGE_STANDARD = "gnu++14";
				CLANG_CXX_LIBRARY = "libc++";
				CLANG_ENABLE_MODULES = YES;
				CLANG_ENABLE_OBJC_ARC = YES;
				CLANG_ENABLE_OBJC_WEAK = YES;
				CLANG_WARN_BLOCK_CAPTURE_AUTORELEASING = YES;
				CLANG_WARN_BOOL_CONVERSION = YES;
				CLANG_WARN_COMMA = YES;
				CLANG_WARN_CONSTANT_CONVERSION = YES;
				CLANG_WARN_DEPRECATED_OBJC_IMPLEMENTATIONS = YES;
				CLANG_WARN_DIRECT_OBJC_ISA_USAGE = YES_ERROR;
				CLANG_WARN_DOCUMENTATION_COMMENTS = YES;
				CLANG_WARN_EMPTY_BODY = YES;
				CLANG_WARN_ENUM_CONVERSION = YES;
				CLANG_WARN_INFINITE_RECURSION = YES;
				CLANG_WARN_INT_CONVERSION = YES;
				CLANG_WARN_NON_LITERAL_NULL_CONVERSION = YES;
				CLANG_WARN_OBJC_IMPLICIT_RETAIN_SELF = YES;
				CLANG_WARN_OBJC_LITERAL_CONVERSION = YES;
				CLANG_WARN_OBJC_ROOT_CLASS = YES_ERROR;
				CLANG_WARN_RANGE_LOOP_ANALYSIS = YES;
				CLANG_WARN_STRICT_PROTOTYPES = YES;
				CLANG_WARN_SUSPICIOUS_MOVE = YES;
				CLANG_WARN_UNGUARDED_AVAILABILITY = YES_AGGRESSIVE;
				CLANG_WARN_UNREACHABLE_CODE = YES;
				CLANG_WARN__DUPLICATE_METHOD_MATCH = YES;
				COPY_PHASE_STRIP = NO;
				DEBUG_INFORMATION_FORMAT = dwarf;
				ENABLE_STRICT_OBJC_MSGSEND = YES;
				ENABLE_TESTABILITY = YES;
				GCC_C_LANGUAGE_STANDARD = gnu11;
				GCC_DYNAMIC_NO_PIC = NO;
				GCC_NO_COMMON_BLOCKS = YES;
				GCC_OPTIMIZATION_LEVEL = 0;
				GCC_PREPROCESSOR_DEFINITIONS = (
					"DEBUG=1",
					"$(inherited)",
				);
				GCC_WARN_64_TO_32_BIT_CONVERSION = YES;
				GCC_WARN_ABOUT_RETURN_TYPE = YES_ERROR;
				GCC_WARN_UNDECLARED_SELECTOR = YES;
				GCC_WARN_UNINITIALIZED_AUTOS = YES_AGGRESSIVE;
				GCC_WARN_UNUSED_FUNCTION = YES;
				GCC_WARN_UNUSED_VARIABLE = YES;
				IPHONEOS_DEPLOYMENT_TARGET = 13.2;
				MTL_ENABLE_DEBUG_INFO = INCLUDE_SOURCE;
				MTL_FAST_MATH = YES;
				ONLY_ACTIVE_ARCH = YES;
				SDKROOT = iphoneos;
				SWIFT_ACTIVE_COMPILATION_CONDITIONS = DEBUG;
				SWIFT_OPTIMIZATION_LEVEL = "-Onone";
			};
			name = Debug;
		};
		042D5753251EF49100C09188 /* Release */ = {
			isa = XCBuildConfiguration;
			buildSettings = {
				ALWAYS_SEARCH_USER_PATHS = NO;
				CLANG_ANALYZER_NONNULL = YES;
				CLANG_ANALYZER_NUMBER_OBJECT_CONVERSION = YES_AGGRESSIVE;
				CLANG_CXX_LANGUAGE_STANDARD = "gnu++14";
				CLANG_CXX_LIBRARY = "libc++";
				CLANG_ENABLE_MODULES = YES;
				CLANG_ENABLE_OBJC_ARC = YES;
				CLANG_ENABLE_OBJC_WEAK = YES;
				CLANG_WARN_BLOCK_CAPTURE_AUTORELEASING = YES;
				CLANG_WARN_BOOL_CONVERSION = YES;
				CLANG_WARN_COMMA = YES;
				CLANG_WARN_CONSTANT_CONVERSION = YES;
				CLANG_WARN_DEPRECATED_OBJC_IMPLEMENTATIONS = YES;
				CLANG_WARN_DIRECT_OBJC_ISA_USAGE = YES_ERROR;
				CLANG_WARN_DOCUMENTATION_COMMENTS = YES;
				CLANG_WARN_EMPTY_BODY = YES;
				CLANG_WARN_ENUM_CONVERSION = YES;
				CLANG_WARN_INFINITE_RECURSION = YES;
				CLANG_WARN_INT_CONVERSION = YES;
				CLANG_WARN_NON_LITERAL_NULL_CONVERSION = YES;
				CLANG_WARN_OBJC_IMPLICIT_RETAIN_SELF = YES;
				CLANG_WARN_OBJC_LITERAL_CONVERSION = YES;
				CLANG_WARN_OBJC_ROOT_CLASS = YES_ERROR;
				CLANG_WARN_RANGE_LOOP_ANALYSIS = YES;
				CLANG_WARN_STRICT_PROTOTYPES = YES;
				CLANG_WARN_SUSPICIOUS_MOVE = YES;
				CLANG_WARN_UNGUARDED_AVAILABILITY = YES_AGGRESSIVE;
				CLANG_WARN_UNREACHABLE_CODE = YES;
				CLANG_WARN__DUPLICATE_METHOD_MATCH = YES;
				COPY_PHASE_STRIP = NO;
				DEBUG_INFORMATION_FORMAT = "dwarf-with-dsym";
				ENABLE_NS_ASSERTIONS = NO;
				ENABLE_STRICT_OBJC_MSGSEND = YES;
				GCC_C_LANGUAGE_STANDARD = gnu11;
				GCC_NO_COMMON_BLOCKS = YES;
				GCC_WARN_64_TO_32_BIT_CONVERSION = YES;
				GCC_WARN_ABOUT_RETURN_TYPE = YES_ERROR;
				GCC_WARN_UNDECLARED_SELECTOR = YES;
				GCC_WARN_UNINITIALIZED_AUTOS = YES_AGGRESSIVE;
				GCC_WARN_UNUSED_FUNCTION = YES;
				GCC_WARN_UNUSED_VARIABLE = YES;
				IPHONEOS_DEPLOYMENT_TARGET = 13.2;
				MTL_ENABLE_DEBUG_INFO = NO;
				MTL_FAST_MATH = YES;
				SDKROOT = iphoneos;
				SWIFT_COMPILATION_MODE = wholemodule;
				SWIFT_OPTIMIZATION_LEVEL = "-O";
				VALIDATE_PRODUCT = YES;
			};
			name = Release;
		};
		042D5755251EF49100C09188 /* Debug */ = {
			isa = XCBuildConfiguration;
			buildSettings = {
				ASSETCATALOG_COMPILER_APPICON_NAME = AppIcon;
				CODE_SIGN_STYLE = Automatic;
				INFOPLIST_FILE = "Image Gallery/Info.plist";
				LD_RUNPATH_SEARCH_PATHS = (
					"$(inherited)",
					"@executable_path/Frameworks",
				);
				PRODUCT_BUNDLE_IDENTIFIER = "com.app.mybaby24.Image-Gallery";
				PRODUCT_NAME = "$(TARGET_NAME)";
				SWIFT_VERSION = 5.0;
				TARGETED_DEVICE_FAMILY = "1,2";
			};
			name = Debug;
		};
		042D5756251EF49100C09188 /* Release */ = {
			isa = XCBuildConfiguration;
			buildSettings = {
				ASSETCATALOG_COMPILER_APPICON_NAME = AppIcon;
				CODE_SIGN_STYLE = Automatic;
				INFOPLIST_FILE = "Image Gallery/Info.plist";
				LD_RUNPATH_SEARCH_PATHS = (
					"$(inherited)",
					"@executable_path/Frameworks",
				);
				PRODUCT_BUNDLE_IDENTIFIER = "com.app.mybaby24.Image-Gallery";
				PRODUCT_NAME = "$(TARGET_NAME)";
				SWIFT_VERSION = 5.0;
				TARGETED_DEVICE_FAMILY = "1,2";
			};
			name = Release;
		};
		042D5758251EF49100C09188 /* Debug */ = {
			isa = XCBuildConfiguration;
			buildSettings = {
				ALWAYS_EMBED_SWIFT_STANDARD_LIBRARIES = YES;
				BUNDLE_LOADER = "$(TEST_HOST)";
				CODE_SIGN_STYLE = Automatic;
				INFOPLIST_FILE = "Image GalleryTests/Info.plist";
				IPHONEOS_DEPLOYMENT_TARGET = 13.2;
				LD_RUNPATH_SEARCH_PATHS = (
					"$(inherited)",
					"@executable_path/Frameworks",
					"@loader_path/Frameworks",
				);
				PRODUCT_BUNDLE_IDENTIFIER = "com.app.mybaby24.Image-GalleryTests";
				PRODUCT_NAME = "$(TARGET_NAME)";
				SWIFT_VERSION = 5.0;
				TARGETED_DEVICE_FAMILY = "1,2";
				TEST_HOST = "$(BUILT_PRODUCTS_DIR)/Image Gallery.app/Image Gallery";
			};
			name = Debug;
		};
		042D5759251EF49100C09188 /* Release */ = {
			isa = XCBuildConfiguration;
			buildSettings = {
				ALWAYS_EMBED_SWIFT_STANDARD_LIBRARIES = YES;
				BUNDLE_LOADER = "$(TEST_HOST)";
				CODE_SIGN_STYLE = Automatic;
				INFOPLIST_FILE = "Image GalleryTests/Info.plist";
				IPHONEOS_DEPLOYMENT_TARGET = 13.2;
				LD_RUNPATH_SEARCH_PATHS = (
					"$(inherited)",
					"@executable_path/Frameworks",
					"@loader_path/Frameworks",
				);
				PRODUCT_BUNDLE_IDENTIFIER = "com.app.mybaby24.Image-GalleryTests";
				PRODUCT_NAME = "$(TARGET_NAME)";
				SWIFT_VERSION = 5.0;
				TARGETED_DEVICE_FAMILY = "1,2";
				TEST_HOST = "$(BUILT_PRODUCTS_DIR)/Image Gallery.app/Image Gallery";
			};
			name = Release;
		};
		042D575B251EF49100C09188 /* Debug */ = {
			isa = XCBuildConfiguration;
			buildSettings = {
				ALWAYS_EMBED_SWIFT_STANDARD_LIBRARIES = YES;
				CODE_SIGN_STYLE = Automatic;
				INFOPLIST_FILE = "Image GalleryUITests/Info.plist";
				LD_RUNPATH_SEARCH_PATHS = (
					"$(inherited)",
					"@executable_path/Frameworks",
					"@loader_path/Frameworks",
				);
				PRODUCT_BUNDLE_IDENTIFIER = "com.app.mybaby24.Image-GalleryUITests";
				PRODUCT_NAME = "$(TARGET_NAME)";
				SWIFT_VERSION = 5.0;
				TARGETED_DEVICE_FAMILY = "1,2";
				TEST_TARGET_NAME = "Image Gallery";
			};
			name = Debug;
		};
		042D575C251EF49100C09188 /* Release */ = {
			isa = XCBuildConfiguration;
			buildSettings = {
				ALWAYS_EMBED_SWIFT_STANDARD_LIBRARIES = YES;
				CODE_SIGN_STYLE = Automatic;
				INFOPLIST_FILE = "Image GalleryUITests/Info.plist";
				LD_RUNPATH_SEARCH_PATHS = (
					"$(inherited)",
					"@executable_path/Frameworks",
					"@loader_path/Frameworks",
				);
				PRODUCT_BUNDLE_IDENTIFIER = "com.app.mybaby24.Image-GalleryUITests";
				PRODUCT_NAME = "$(TARGET_NAME)";
				SWIFT_VERSION = 5.0;
				TARGETED_DEVICE_FAMILY = "1,2";
				TEST_TARGET_NAME = "Image Gallery";
			};
			name = Release;
		};
/* End XCBuildConfiguration section */

/* Begin XCConfigurationList section */
		042D5725251EF48F00C09188 /* Build configuration list for PBXProject "Image Gallery" */ = {
			isa = XCConfigurationList;
			buildConfigurations = (
				042D5752251EF49100C09188 /* Debug */,
				042D5753251EF49100C09188 /* Release */,
			);
			defaultConfigurationIsVisible = 0;
			defaultConfigurationName = Release;
		};
		042D5754251EF49100C09188 /* Build configuration list for PBXNativeTarget "Image Gallery" */ = {
			isa = XCConfigurationList;
			buildConfigurations = (
				042D5755251EF49100C09188 /* Debug */,
				042D5756251EF49100C09188 /* Release */,
			);
			defaultConfigurationIsVisible = 0;
			defaultConfigurationName = Release;
		};
		042D5757251EF49100C09188 /* Build configuration list for PBXNativeTarget "Image GalleryTests" */ = {
			isa = XCConfigurationList;
			buildConfigurations = (
				042D5758251EF49100C09188 /* Debug */,
				042D5759251EF49100C09188 /* Release */,
			);
			defaultConfigurationIsVisible = 0;
			defaultConfigurationName = Release;
		};
		042D575A251EF49100C09188 /* Build configuration list for PBXNativeTarget "Image GalleryUITests" */ = {
			isa = XCConfigurationList;
			buildConfigurations = (
				042D575B251EF49100C09188 /* Debug */,
				042D575C251EF49100C09188 /* Release */,
			);
			defaultConfigurationIsVisible = 0;
			defaultConfigurationName = Release;
		};
/* End XCConfigurationList section */
	};
	rootObject = 042D5722251EF48F00C09188 /* Project object */;
}
